
Microsoft Visual Studio Solution File, Format Version 12.00
# Visual Studio Version 16
VisualStudioVersion = 16.0.30011.22
MinimumVisualStudioVersion = 10.0.40219.1
Project("{9A19103F-16F7-4668-BE54-9A1E7A4F7556}") = "EnergySolarLogger", "EnergySolarLogger\EnergySolarLogger.csproj", "{3A98249B-9954-4E4A-92D2-776E7715860D}"
EndProject
Global
	GlobalSection(SolutionConfigurationPlatforms) = preSolution
		Debug|Any CPU = Debug|Any CPU
		Release|Any CPU = Release|Any CPU
	EndGlobalSection
	GlobalSection(ProjectConfigurationPlatforms) = postSolution
		{3A98249B-9954-4E4A-92D2-776E7715860D}.Debug|Any CPU.ActiveCfg = Debug|Any CPU
		{3A98249B-9954-4E4A-92D2-776E7715860D}.Debug|Any CPU.Build.0 = Debug|Any CPU
		{3A98249B-9954-4E4A-92D2-776E7715860D}.Release|Any CPU.ActiveCfg = Release|Any CPU
		{3A98249B-9954-4E4A-92D2-776E7715860D}.Release|Any CPU.Build.0 = Release|Any CPU
	EndGlobalSection
	GlobalSection(SolutionProperties) = preSolution
		HideSolutionNode = FALSE
	EndGlobalSection
	GlobalSection(ExtensibilityGlobals) = postSolution
		SolutionGuid = {C1164F92-32EC-4702-990E-D6A1B27B25E2}
	EndGlobalSection
EndGlobal
